{
  "name": "Sandbox QuickJS and Deno",
  "lockfileVersion": 3,
  "requires": true,
  "packages": {
    "": {
      "name": "Sandbox QuickJS and Deno",
      "dependencies": {
        "quickjs-emscripten": "^0.29.0"
      }
    },
    "node_modules/@jitl/quickjs-ffi-types": {
      "version": "0.29.0",
      "resolved": "https://registry.npmjs.org/@jitl/quickjs-ffi-types/-/quickjs-ffi-types-0.29.0.tgz",
      "integrity": "sha512-MJgGUq4gQ6UuzEMFMNJuSsfKJrQs5cjqm/Sd0dwqVKs3lxyLeWjfGfbVakffnjuiRZzej/QzkDJP4HYNMzT8AQ=="
    },
    "node_modules/@jitl/quickjs-wasmfile-debug-asyncify": {
      "version": "0.29.0",
      "resolved": "https://registry.npmjs.org/@jitl/quickjs-wasmfile-debug-asyncify/-/quickjs-wasmfile-debug-asyncify-0.29.0.tgz",
      "integrity": "sha512-RYJk2axlI1GB/pLKF77LEJv3t7NsbdFLLrVMc5w0rUMVjtKvD1fwU8V2FRFVs9XLLkCPHO1mBmyDOyei0hJF1w==",
      "dependencies": {
        "@jitl/quickjs-ffi-types": "0.29.0"
      }
    },
    "node_modules/@jitl/quickjs-wasmfile-debug-sync": {
      "version": "0.29.0",
      "resolved": "https://registry.npmjs.org/@jitl/quickjs-wasmfile-debug-sync/-/quickjs-wasmfile-debug-sync-0.29.0.tgz",
      "integrity": "sha512-LcfwataXeD/S+/WmdoYWuUUy/AX9S/I6rlU4ry5dUayMfhg6SnCjmLDCuLTHfh2WXkolPPemW/4aXgVxPt4qGQ==",
      "dependencies": {
        "@jitl/quickjs-ffi-types": "0.29.0"
      }
    },
    "node_modules/@jitl/quickjs-wasmfile-release-asyncify": {
      "version": "0.29.0",
      "resolved": "https://registry.npmjs.org/@jitl/quickjs-wasmfile-release-asyncify/-/quickjs-wasmfile-release-asyncify-0.29.0.tgz",
      "integrity": "sha512-3wHJ6Q+CQpxK1zDQtFMVi99S2z1n3qpUGmf7CrTw3x7qkBr7ZNKvJJ6aEXvzqfJDYKN//3qbYotUjJk1kiDXXg==",
      "dependencies": {
        "@jitl/quickjs-ffi-types": "0.29.0"
      }
    },
    "node_modules/@jitl/quickjs-wasmfile-release-sync": {
      "version": "0.29.0",
      "resolved": "https://registry.npmjs.org/@jitl/quickjs-wasmfile-release-sync/-/quickjs-wasmfile-release-sync-0.29.0.tgz",
      "integrity": "sha512-Lo2+wwir9+dSmlDz5zcilUeMPUtV5dAaWjm6b0vC9BXhMhDYPeQiIvbvMYqaRlfwod/y+wvJXX1QweO8rhHbJg==",
      "dependencies": {
        "@jitl/quickjs-ffi-types": "0.29.0"
      }
    },
    "node_modules/quickjs-emscripten": {
      "version": "0.29.0",
      "resolved": "https://registry.npmjs.org/quickjs-emscripten/-/quickjs-emscripten-0.29.0.tgz",
      "integrity": "sha512-jXzbZIe7/Aqvue455Xu8ecaI6FzSRm28rBSO/4EwgakEV9ub5vF2VG7svrt4LxDL77JkXVQ0brn8Uxis7r78ng==",
      "dependencies": {
        "@jitl/quickjs-wasmfile-debug-asyncify": "0.29.0",
        "@jitl/quickjs-wasmfile-debug-sync": "0.29.0",
        "@jitl/quickjs-wasmfile-release-asyncify": "0.29.0",
        "@jitl/quickjs-wasmfile-release-sync": "0.29.0",
        "quickjs-emscripten-core": "0.29.0"
      },
      "engines": {
        "node": ">=16.0.0"
      }
    },
    "node_modules/quickjs-emscripten-core": {
      "version": "0.29.0",
      "resolved": "https://registry.npmjs.org/quickjs-emscripten-core/-/quickjs-emscripten-core-0.29.0.tgz",
      "integrity": "sha512-1g9ufaiH7FaZ5sF5qkMZrAI4yMAtvmBmt7e9TywIBGWgL2AYNkwwtx8lqKIwZbPHq0jybCZdZ71QYiBc916Suw==",
      "dependencies": {
        "@jitl/quickjs-ffi-types": "0.29.0"
      }
    }
  }
}
